
Microsoft Visual Studio Solution File, Format Version 12.00
# Visual Studio Version 17
VisualStudioVersion = 17.14.36121.58 d17.14
MinimumVisualStudioVersion = 10.0.40219.1
Project("{FAE04EC0-301F-11D3-BF4B-00C04F79EFBC}") = "MyProducer", "MyProducer\MyProducer.csproj", "{9D28D7DB-8F94-41ED-B91E-65B6DF004559}"
EndProject
Project("{FAE04EC0-301F-11D3-BF4B-00C04F79EFBC}") = "MyConsumer", "MyConsumer\MyConsumer.csproj", "{2E6FAA96-12C7-4BCB-A787-BA8920AB8821}"
EndProject
Global
	GlobalSection(SolutionConfigurationPlatforms) = preSolution
		Debug|Any CPU = Debug|Any CPU
		Release|Any CPU = Release|Any CPU
	EndGlobalSection
	GlobalSection(ProjectConfigurationPlatforms) = postSolution
		{9D28D7DB-8F94-41ED-B91E-65B6DF004559}.Debug|Any CPU.ActiveCfg = Debug|Any CPU
		{9D28D7DB-8F94-41ED-B91E-65B6DF004559}.Debug|Any CPU.Build.0 = Debug|Any CPU
		{9D28D7DB-8F94-41ED-B91E-65B6DF004559}.Release|Any CPU.ActiveCfg = Release|Any CPU
		{9D28D7DB-8F94-41ED-B91E-65B6DF004559}.Release|Any CPU.Build.0 = Release|Any CPU
		{2E6FAA96-12C7-4BCB-A787-BA8920AB8821}.Debug|Any CPU.ActiveCfg = Debug|Any CPU
		{2E6FAA96-12C7-4BCB-A787-BA8920AB8821}.Debug|Any CPU.Build.0 = Debug|Any CPU
		{2E6FAA96-12C7-4BCB-A787-BA8920AB8821}.Release|Any CPU.ActiveCfg = Release|Any CPU
		{2E6FAA96-12C7-4BCB-A787-BA8920AB8821}.Release|Any CPU.Build.0 = Release|Any CPU
	EndGlobalSection
	GlobalSection(SolutionProperties) = preSolution
		HideSolutionNode = FALSE
	EndGlobalSection
	GlobalSection(ExtensibilityGlobals) = postSolution
		SolutionGuid = {73508A5F-D675-4FDC-B7D2-67CBF926C0EC}
	EndGlobalSection
EndGlobal
